
Microsoft Visual Studio Solution File, Format Version 12.00
# Visual Studio 15
VisualStudioVersion = 15.0.26124.0
MinimumVisualStudioVersion = 15.0.26124.0
Project("{2150E333-8FDC-42A3-9474-1A3956D46DE8}") = "HC.AuthServer", "HC.AuthServer", "{AF2D151A-9E67-4EE9-B5F5-733F146ACA4B}"
EndProject
Project("{FAE04EC0-301F-11D3-BF4B-00C04F79EFBC}") = "HC.AuthServer", "HC.AuthServer\HC.AuthServer\HC.AuthServer.csproj", "{5EBDD405-0DD1-4849-BE16-DAD7F6E90B43}"
EndProject
Project("{FAE04EC0-301F-11D3-BF4B-00C04F79EFBC}") = "HC.AuthServer.Infrastructure", "HC.AuthServer\HC.AuthServer.Infrastructure\HC.AuthServer.Infrastructure.csproj", "{66724950-7A28-44A4-BD5A-73DD79A841E2}"
EndProject
Project("{2150E333-8FDC-42A3-9474-1A3956D46DE8}") = "HC.GraphQL", "HC.GraphQL", "{DB23BDA0-E576-4569-8993-0CA95EE9B66D}"
EndProject
Project("{FAE04EC0-301F-11D3-BF4B-00C04F79EFBC}") = "HC.GraphQL.Api", "HC.GraphQL\HC.GraphQL.Api\HC.GraphQL.Api.csproj", "{202A0F32-5BB7-451A-A720-8BEE364B5F10}"
EndProject
Global
	GlobalSection(SolutionConfigurationPlatforms) = preSolution
		Debug|Any CPU = Debug|Any CPU
		Debug|x64 = Debug|x64
		Debug|x86 = Debug|x86
		Release|Any CPU = Release|Any CPU
		Release|x64 = Release|x64
		Release|x86 = Release|x86
	EndGlobalSection
	GlobalSection(SolutionProperties) = preSolution
		HideSolutionNode = FALSE
	EndGlobalSection
	GlobalSection(ProjectConfigurationPlatforms) = postSolution
		{5EBDD405-0DD1-4849-BE16-DAD7F6E90B43}.Debug|Any CPU.ActiveCfg = Debug|Any CPU
		{5EBDD405-0DD1-4849-BE16-DAD7F6E90B43}.Debug|Any CPU.Build.0 = Debug|Any CPU
		{5EBDD405-0DD1-4849-BE16-DAD7F6E90B43}.Debug|x64.ActiveCfg = Debug|Any CPU
		{5EBDD405-0DD1-4849-BE16-DAD7F6E90B43}.Debug|x64.Build.0 = Debug|Any CPU
		{5EBDD405-0DD1-4849-BE16-DAD7F6E90B43}.Debug|x86.ActiveCfg = Debug|Any CPU
		{5EBDD405-0DD1-4849-BE16-DAD7F6E90B43}.Debug|x86.Build.0 = Debug|Any CPU
		{5EBDD405-0DD1-4849-BE16-DAD7F6E90B43}.Release|Any CPU.ActiveCfg = Release|Any CPU
		{5EBDD405-0DD1-4849-BE16-DAD7F6E90B43}.Release|Any CPU.Build.0 = Release|Any CPU
		{5EBDD405-0DD1-4849-BE16-DAD7F6E90B43}.Release|x64.ActiveCfg = Release|Any CPU
		{5EBDD405-0DD1-4849-BE16-DAD7F6E90B43}.Release|x64.Build.0 = Release|Any CPU
		{5EBDD405-0DD1-4849-BE16-DAD7F6E90B43}.Release|x86.ActiveCfg = Release|Any CPU
		{5EBDD405-0DD1-4849-BE16-DAD7F6E90B43}.Release|x86.Build.0 = Release|Any CPU
		{66724950-7A28-44A4-BD5A-73DD79A841E2}.Debug|Any CPU.ActiveCfg = Debug|Any CPU
		{66724950-7A28-44A4-BD5A-73DD79A841E2}.Debug|Any CPU.Build.0 = Debug|Any CPU
		{66724950-7A28-44A4-BD5A-73DD79A841E2}.Debug|x64.ActiveCfg = Debug|Any CPU
		{66724950-7A28-44A4-BD5A-73DD79A841E2}.Debug|x64.Build.0 = Debug|Any CPU
		{66724950-7A28-44A4-BD5A-73DD79A841E2}.Debug|x86.ActiveCfg = Debug|Any CPU
		{66724950-7A28-44A4-BD5A-73DD79A841E2}.Debug|x86.Build.0 = Debug|Any CPU
		{66724950-7A28-44A4-BD5A-73DD79A841E2}.Release|Any CPU.ActiveCfg = Release|Any CPU
		{66724950-7A28-44A4-BD5A-73DD79A841E2}.Release|Any CPU.Build.0 = Release|Any CPU
		{66724950-7A28-44A4-BD5A-73DD79A841E2}.Release|x64.ActiveCfg = Release|Any CPU
		{66724950-7A28-44A4-BD5A-73DD79A841E2}.Release|x64.Build.0 = Release|Any CPU
		{66724950-7A28-44A4-BD5A-73DD79A841E2}.Release|x86.ActiveCfg = Release|Any CPU
		{66724950-7A28-44A4-BD5A-73DD79A841E2}.Release|x86.Build.0 = Release|Any CPU
		{202A0F32-5BB7-451A-A720-8BEE364B5F10}.Debug|Any CPU.ActiveCfg = Debug|Any CPU
		{202A0F32-5BB7-451A-A720-8BEE364B5F10}.Debug|Any CPU.Build.0 = Debug|Any CPU
		{202A0F32-5BB7-451A-A720-8BEE364B5F10}.Debug|x64.ActiveCfg = Debug|Any CPU
		{202A0F32-5BB7-451A-A720-8BEE364B5F10}.Debug|x64.Build.0 = Debug|Any CPU
		{202A0F32-5BB7-451A-A720-8BEE364B5F10}.Debug|x86.ActiveCfg = Debug|Any CPU
		{202A0F32-5BB7-451A-A720-8BEE364B5F10}.Debug|x86.Build.0 = Debug|Any CPU
		{202A0F32-5BB7-451A-A720-8BEE364B5F10}.Release|Any CPU.ActiveCfg = Release|Any CPU
		{202A0F32-5BB7-451A-A720-8BEE364B5F10}.Release|Any CPU.Build.0 = Release|Any CPU
		{202A0F32-5BB7-451A-A720-8BEE364B5F10}.Release|x64.ActiveCfg = Release|Any CPU
		{202A0F32-5BB7-451A-A720-8BEE364B5F10}.Release|x64.Build.0 = Release|Any CPU
		{202A0F32-5BB7-451A-A720-8BEE364B5F10}.Release|x86.ActiveCfg = Release|Any CPU
		{202A0F32-5BB7-451A-A720-8BEE364B5F10}.Release|x86.Build.0 = Release|Any CPU
	EndGlobalSection
	GlobalSection(NestedProjects) = preSolution
		{5EBDD405-0DD1-4849-BE16-DAD7F6E90B43} = {AF2D151A-9E67-4EE9-B5F5-733F146ACA4B}
		{66724950-7A28-44A4-BD5A-73DD79A841E2} = {AF2D151A-9E67-4EE9-B5F5-733F146ACA4B}
		{202A0F32-5BB7-451A-A720-8BEE364B5F10} = {DB23BDA0-E576-4569-8993-0CA95EE9B66D}
	EndGlobalSection
EndGlobal
